
Microsoft Visual Studio Solution File, Format Version 12.00
# Visual Studio Version 17
VisualStudioVersion = 17.0.32014.148
MinimumVisualStudioVersion = 10.0.40219.1
Project("{FAE04EC0-301F-11D3-BF4B-00C04F79EFBC}") = "ByteBank", "ByteBank\ByteBank.csproj", "{F9FB47BA-32D2-430B-9938-65771FFDFCCF}"
EndProject
Global
	GlobalSection(SolutionConfigurationPlatforms) = preSolution
		Debug|Any CPU = Debug|Any CPU
		Release|Any CPU = Release|Any CPU
	EndGlobalSection
	GlobalSection(ProjectConfigurationPlatforms) = postSolution
		{F9FB47BA-32D2-430B-9938-65771FFDFCCF}.Debug|Any CPU.ActiveCfg = Debug|Any CPU
		{F9FB47BA-32D2-430B-9938-65771FFDFCCF}.Debug|Any CPU.Build.0 = Debug|Any CPU
		{F9FB47BA-32D2-430B-9938-65771FFDFCCF}.Release|Any CPU.ActiveCfg = Release|Any CPU
		{F9FB47BA-32D2-430B-9938-65771FFDFCCF}.Release|Any CPU.Build.0 = Release|Any CPU
	EndGlobalSection
	GlobalSection(SolutionProperties) = preSolution
		HideSolutionNode = FALSE
	EndGlobalSection
	GlobalSection(ExtensibilityGlobals) = postSolution
		SolutionGuid = {3F9B06DD-F217-4867-9FB6-DFCAA1687B6D}
	EndGlobalSection
EndGlobal
